
Microsoft Visual Studio Solution File, Format Version 12.00
# Visual Studio 15
VisualStudioVersion = 15.0.25428.1
MinimumVisualStudioVersion = 10.0.40219.1
Project("{FAE04EC0-301F-11D3-BF4B-00C04F79EFBC}") = "KOS-Scansat", "KOS-Scansat\KOS-Scansat.csproj", "{30FDE23A-4621-4364-860F-8FBDF28760A0}"
EndProject
Project("{2150E333-8FDC-42A3-9474-1A3956D46DE8}") = "Solution Items", "Solution Items", "{D6FE7182-FA7B-4DEC-95F9-B5D913BA48C2}"
	ProjectSection(SolutionItems) = preProject
		GameData\kOS-SCANsat\kOS-SCANsat.version = GameData\kOS-SCANsat\kOS-SCANsat.version
		README.md = README.md
	EndProjectSection
EndProject
Global
	GlobalSection(SolutionConfigurationPlatforms) = preSolution
		Debug|Any CPU = Debug|Any CPU
		Release|Any CPU = Release|Any CPU
	EndGlobalSection
	GlobalSection(ProjectConfigurationPlatforms) = postSolution
		{30FDE23A-4621-4364-860F-8FBDF28760A0}.Debug|Any CPU.ActiveCfg = Debug|Any CPU
		{30FDE23A-4621-4364-860F-8FBDF28760A0}.Debug|Any CPU.Build.0 = Debug|Any CPU
		{30FDE23A-4621-4364-860F-8FBDF28760A0}.Release|Any CPU.ActiveCfg = Release|Any CPU
		{30FDE23A-4621-4364-860F-8FBDF28760A0}.Release|Any CPU.Build.0 = Release|Any CPU
	EndGlobalSection
	GlobalSection(SolutionProperties) = preSolution
		HideSolutionNode = FALSE
	EndGlobalSection
	GlobalSection(ExtensibilityGlobals) = postSolution
		SolutionGuid = {09F3AF1D-210A-4612-A480-47A3B8648E2A}
	EndGlobalSection
EndGlobal
